// !$*UTF8*$!
{
	archiveVersion = 1;
	classes = {
	};
	objectVersion = 55;
	objects = {

/* Begin PBXBuildFile section */
		48D761FA2A19928C002F52A1 /* Text_to_3DApp.swift in Sources */ = {isa = PBXBuildFile; fileRef = 48D761F92A19928C002F52A1 /* Text_to_3DApp.swift */; };
		48D761FC2A19928C002F52A1 /* ContentView.swift in Sources */ = {isa = PBXBuildFile; fileRef = 48D761FB2A19928C002F52A1 /* ContentView.swift */; };
		48D761FE2A19928F002F52A1 /* Assets.xcassets in Resources */ = {isa = PBXBuildFile; fileRef = 48D761FD2A19928F002F52A1 /* Assets.xcassets */; };
		48D762012A19928F002F52A1 /* Preview Assets.xcassets in Resources */ = {isa = PBXBuildFile; fileRef = 48D762002A19928F002F52A1 /* Preview Assets.xcassets */; };
		48D7620B2A199290002F52A1 /* Text_to_3DTests.swift in Sources */ = {isa = PBXBuildFile; fileRef = 48D7620A2A199290002F52A1 /* Text_to_3DTests.swift */; };
		48D762152A199290002F52A1 /* Text_to_3DUITests.swift in Sources */ = {isa = PBXBuildFile; fileRef = 48D762142A199290002F52A1 /* Text_to_3DUITests.swift */; };
		48D762172A199290002F52A1 /* Text_to_3DUITestsLaunchTests.swift in Sources */ = {isa = PBXBuildFile; fileRef = 48D762162A199290002F52A1 /* Text_to_3DUITestsLaunchTests.swift */; };
		48D762252A199686002F52A1 /* Home.swift in Sources */ = {isa = PBXBuildFile; fileRef = 48D762242A199686002F52A1 /* Home.swift */; };
		48D762272A19976F002F52A1 /* CustomTabBar.swift in Sources */ = {isa = PBXBuildFile; fileRef = 48D762262A19976F002F52A1 /* CustomTabBar.swift */; };
		48D762292A199D07002F52A1 /* TabCurve.swift in Sources */ = {isa = PBXBuildFile; fileRef = 48D762282A199D07002F52A1 /* TabCurve.swift */; };
/* End PBXBuildFile section */

/* Begin PBXContainerItemProxy section */
		48D762072A199290002F52A1 /* PBXContainerItemProxy */ = {
			isa = PBXContainerItemProxy;
			containerPortal = 48D761EE2A19928C002F52A1 /* Project object */;
			proxyType = 1;
			remoteGlobalIDString = 48D761F52A19928C002F52A1;
			remoteInfo = "Text-to-3D";
		};
		48D762112A199290002F52A1 /* PBXContainerItemProxy */ = {
			isa = PBXContainerItemProxy;
			containerPortal = 48D761EE2A19928C002F52A1 /* Project object */;
			proxyType = 1;
			remoteGlobalIDString = 48D761F52A19928C002F52A1;
			remoteInfo = "Text-to-3D";
		};
/* End PBXContainerItemProxy section */

/* Begin PBXFileReference section */
		48D761F62A19928C002F52A1 /* Text-to-3D.app */ = {isa = PBXFileReference; explicitFileType = wrapper.application; includeInIndex = 0; path = "Text-to-3D.app"; sourceTree = BUILT_PRODUCTS_DIR; };
		48D761F92A19928C002F52A1 /* Text_to_3DApp.swift */ = {isa = PBXFileReference; lastKnownFileType = sourcecode.swift; path = Text_to_3DApp.swift; sourceTree = "<group>"; };
		48D761FB2A19928C002F52A1 /* ContentView.swift */ = {isa = PBXFileReference; lastKnownFileType = sourcecode.swift; path = ContentView.swift; sourceTree = "<group>"; };
		48D761FD2A19928F002F52A1 /* Assets.xcassets */ = {isa = PBXFileReference; lastKnownFileType = folder.assetcatalog; path = Assets.xcassets; sourceTree = "<group>"; };
		48D762002A19928F002F52A1 /* Preview Assets.xcassets */ = {isa = PBXFileReference; lastKnownFileType = folder.assetcatalog; path = "Preview Assets.xcassets"; sourceTree = "<group>"; };
		48D762062A199290002F52A1 /* Text-to-3DTests.xctest */ = {isa = PBXFileReference; explicitFileType = wrapper.cfbundle; includeInIndex = 0; path = "Text-to-3DTests.xctest"; sourceTree = BUILT_PRODUCTS_DIR; };
		48D7620A2A199290002F52A1 /* Text_to_3DTests.swift */ = {isa = PBXFileReference; lastKnownFileType = sourcecode.swift; path = Text_to_3DTests.swift; sourceTree = "<group>"; };
		48D762102A199290002F52A1 /* Text-to-3DUITests.xctest */ = {isa = PBXFileReference; explicitFileType = wrapper.cfbundle; includeInIndex = 0; path = "Text-to-3DUITests.xctest"; sourceTree = BUILT_PRODUCTS_DIR; };
		48D762142A199290002F52A1 /* Text_to_3DUITests.swift */ = {isa = PBXFileReference; lastKnownFileType = sourcecode.swift; path = Text_to_3DUITests.swift; sourceTree = "<group>"; };
		48D762162A199290002F52A1 /* Text_to_3DUITestsLaunchTests.swift */ = {isa = PBXFileReference; lastKnownFileType = sourcecode.swift; path = Text_to_3DUITestsLaunchTests.swift; sourceTree = "<group>"; };
		48D762242A199686002F52A1 /* Home.swift */ = {isa = PBXFileReference; lastKnownFileType = sourcecode.swift; path = Home.swift; sourceTree = "<group>"; };
		48D762262A19976F002F52A1 /* CustomTabBar.swift */ = {isa = PBXFileReference; lastKnownFileType = sourcecode.swift; path = CustomTabBar.swift; sourceTree = "<group>"; };
		48D762282A199D07002F52A1 /* TabCurve.swift */ = {isa = PBXFileReference; lastKnownFileType = sourcecode.swift; path = TabCurve.swift; sourceTree = "<group>"; };
/* End PBXFileReference section */

/* Begin PBXFrameworksBuildPhase section */
		48D761F32A19928C002F52A1 /* Frameworks */ = {
			isa = PBXFrameworksBuildPhase;
			buildActionMask = 2147483647;
			files = (
			);
			runOnlyForDeploymentPostprocessing = 0;
		};
		48D762032A199290002F52A1 /* Frameworks */ = {
			isa = PBXFrameworksBuildPhase;
			buildActionMask = 2147483647;
			files = (
			);
			runOnlyForDeploymentPostprocessing = 0;
		};
		48D7620D2A199290002F52A1 /* Frameworks */ = {
			isa = PBXFrameworksBuildPhase;
			buildActionMask = 2147483647;
			files = (
			);
			runOnlyForDeploymentPostprocessing = 0;
		};
/* End PBXFrameworksBuildPhase section */

/* Begin PBXGroup section */
		48D761ED2A19928C002F52A1 = {
			isa = PBXGroup;
			children = (
				48D761F82A19928C002F52A1 /* Text-to-3D */,
				48D762092A199290002F52A1 /* Text-to-3DTests */,
				48D762132A199290002F52A1 /* Text-to-3DUITests */,
				48D761F72A19928C002F52A1 /* Products */,
			);
			sourceTree = "<group>";
		};
		48D761F72A19928C002F52A1 /* Products */ = {
			isa = PBXGroup;
			children = (
				48D761F62A19928C002F52A1 /* Text-to-3D.app */,
				48D762062A199290002F52A1 /* Text-to-3DTests.xctest */,
				48D762102A199290002F52A1 /* Text-to-3DUITests.xctest */,
			);
			name = Products;
			sourceTree = "<group>";
		};
		48D761F82A19928C002F52A1 /* Text-to-3D */ = {
			isa = PBXGroup;
			children = (
				48D762232A19965E002F52A1 /* View */,
				48D761F92A19928C002F52A1 /* Text_to_3DApp.swift */,
				48D761FB2A19928C002F52A1 /* ContentView.swift */,
				48D761FD2A19928F002F52A1 /* Assets.xcassets */,
				48D761FF2A19928F002F52A1 /* Preview Content */,
			);
			path = "Text-to-3D";
			sourceTree = "<group>";
		};
		48D761FF2A19928F002F52A1 /* Preview Content */ = {
			isa = PBXGroup;
			children = (
				48D762002A19928F002F52A1 /* Preview Assets.xcassets */,
			);
			path = "Preview Content";
			sourceTree = "<group>";
		};
		48D762092A199290002F52A1 /* Text-to-3DTests */ = {
			isa = PBXGroup;
			children = (
				48D7620A2A199290002F52A1 /* Text_to_3DTests.swift */,
			);
			path = "Text-to-3DTests";
			sourceTree = "<group>";
		};
		48D762132A199290002F52A1 /* Text-to-3DUITests */ = {
			isa = PBXGroup;
			children = (
				48D762142A199290002F52A1 /* Text_to_3DUITests.swift */,
				48D762162A199290002F52A1 /* Text_to_3DUITestsLaunchTests.swift */,
			);
			path = "Text-to-3DUITests";
			sourceTree = "<group>";
		};
		48D762232A19965E002F52A1 /* View */ = {
			isa = PBXGroup;
			children = (
				48D762242A199686002F52A1 /* Home.swift */,
				48D762262A19976F002F52A1 /* CustomTabBar.swift */,
				48D762282A199D07002F52A1 /* TabCurve.swift */,
			);
			path = View;
			sourceTree = "<group>";
		};
/* End PBXGroup section */

/* Begin PBXNativeTarget section */
		48D761F52A19928C002F52A1 /* Text-to-3D */ = {
			isa = PBXNativeTarget;
			buildConfigurationList = 48D7621A2A199290002F52A1 /* Build configuration list for PBXNativeTarget "Text-to-3D" */;
			buildPhases = (
				48D761F22A19928C002F52A1 /* Sources */,
				48D761F32A19928C002F52A1 /* Frameworks */,
				48D761F42A19928C002F52A1 /* Resources */,
			);
			buildRules = (
			);
			dependencies = (
			);
			name = "Text-to-3D";
			productName = "Text-to-3D";
			productReference = 48D761F62A19928C002F52A1 /* Text-to-3D.app */;
			productType = "com.apple.product-type.application";
		};
		48D762052A199290002F52A1 /* Text-to-3DTests */ = {
			isa = PBXNativeTarget;
			buildConfigurationList = 48D7621D2A199290002F52A1 /* Build configuration list for PBXNativeTarget "Text-to-3DTests" */;
			buildPhases = (
				48D762022A199290002F52A1 /* Sources */,
				48D762032A199290002F52A1 /* Frameworks */,
				48D762042A199290002F52A1 /* Resources */,
			);
			buildRules = (
			);
			dependencies = (
				48D762082A199290002F52A1 /* PBXTargetDependency */,
			);
			name = "Text-to-3DTests";
			productName = "Text-to-3DTests";
			productReference = 48D762062A199290002F52A1 /* Text-to-3DTests.xctest */;
			productType = "com.apple.product-type.bundle.unit-test";
		};
		48D7620F2A199290002F52A1 /* Text-to-3DUITests */ = {
			isa = PBXNativeTarget;
			buildConfigurationList = 48D762202A199290002F52A1 /* Build configuration list for PBXNativeTarget "Text-to-3DUITests" */;
			buildPhases = (
				48D7620C2A199290002F52A1 /* Sources */,
				48D7620D2A199290002F52A1 /* Frameworks */,
				48D7620E2A199290002F52A1 /* Resources */,
			);
			buildRules = (
			);
			dependencies = (
				48D762122A199290002F52A1 /* PBXTargetDependency */,
			);
			name = "Text-to-3DUITests";
			productName = "Text-to-3DUITests";
			productReference = 48D762102A199290002F52A1 /* Text-to-3DUITests.xctest */;
			productType = "com.apple.product-type.bundle.ui-testing";
		};
/* End PBXNativeTarget section */

/* Begin PBXProject section */
		48D761EE2A19928C002F52A1 /* Project object */ = {
			isa = PBXProject;
			attributes = {
				BuildIndependentTargetsInParallel = 1;
				LastSwiftUpdateCheck = 1420;
				LastUpgradeCheck = 1420;
				TargetAttributes = {
					48D761F52A19928C002F52A1 = {
						CreatedOnToolsVersion = 14.2;
					};
					48D762052A199290002F52A1 = {
						CreatedOnToolsVersion = 14.2;
						TestTargetID = 48D761F52A19928C002F52A1;
					};
					48D7620F2A199290002F52A1 = {
						CreatedOnToolsVersion = 14.2;
						TestTargetID = 48D761F52A19928C002F52A1;
					};
				};
			};
			buildConfigurationList = 48D761F12A19928C002F52A1 /* Build configuration list for PBXProject "Text-to-3D" */;
			compatibilityVersion = "Xcode 13.0";
			developmentRegion = en;
			hasScannedForEncodings = 0;
			knownRegions = (
				en,
				Base,
			);
			mainGroup = 48D761ED2A19928C002F52A1;
			productRefGroup = 48D761F72A19928C002F52A1 /* Products */;
			projectDirPath = "";
			projectRoot = "";
			targets = (
				48D761F52A19928C002F52A1 /* Text-to-3D */,
				48D762052A199290002F52A1 /* Text-to-3DTests */,
				48D7620F2A199290002F52A1 /* Text-to-3DUITests */,
			);
		};
/* End PBXProject section */

/* Begin PBXResourcesBuildPhase section */
		48D761F42A19928C002F52A1 /* Resources */ = {
			isa = PBXResourcesBuildPhase;
			buildActionMask = 2147483647;
			files = (
				48D762012A19928F002F52A1 /* Preview Assets.xcassets in Resources */,
				48D761FE2A19928F002F52A1 /* Assets.xcassets in Resources */,
			);
			runOnlyForDeploymentPostprocessing = 0;
		};
		48D762042A199290002F52A1 /* Resources */ = {
			isa = PBXResourcesBuildPhase;
			buildActionMask = 2147483647;
			files = (
			);
			runOnlyForDeploymentPostprocessing = 0;
		};
		48D7620E2A199290002F52A1 /* Resources */ = {
			isa = PBXResourcesBuildPhase;
			buildActionMask = 2147483647;
			files = (
			);
			runOnlyForDeploymentPostprocessing = 0;
		};
/* End PBXResourcesBuildPhase section */

/* Begin PBXSourcesBuildPhase section */
		48D761F22A19928C002F52A1 /* Sources */ = {
			isa = PBXSourcesBuildPhase;
			buildActionMask = 2147483647;
			files = (
				48D762272A19976F002F52A1 /* CustomTabBar.swift in Sources */,
				48D761FC2A19928C002F52A1 /* ContentView.swift in Sources */,
				48D762252A199686002F52A1 /* Home.swift in Sources */,
				48D761FA2A19928C002F52A1 /* Text_to_3DApp.swift in Sources */,
				48D762292A199D07002F52A1 /* TabCurve.swift in Sources */,
			);
			runOnlyForDeploymentPostprocessing = 0;
		};
		48D762022A199290002F52A1 /* Sources */ = {
			isa = PBXSourcesBuildPhase;
			buildActionMask = 2147483647;
			files = (
				48D7620B2A199290002F52A1 /* Text_to_3DTests.swift in Sources */,
			);
			runOnlyForDeploymentPostprocessing = 0;
		};
		48D7620C2A199290002F52A1 /* Sources */ = {
			isa = PBXSourcesBuildPhase;
			buildActionMask = 2147483647;
			files = (
				48D762152A199290002F52A1 /* Text_to_3DUITests.swift in Sources */,
				48D762172A199290002F52A1 /* Text_to_3DUITestsLaunchTests.swift in Sources */,
			);
			runOnlyForDeploymentPostprocessing = 0;
		};
/* End PBXSourcesBuildPhase section */

/* Begin PBXTargetDependency section */
		48D762082A199290002F52A1 /* PBXTargetDependency */ = {
			isa = PBXTargetDependency;
			target = 48D761F52A19928C002F52A1 /* Text-to-3D */;
			targetProxy = 48D762072A199290002F52A1 /* PBXContainerItemProxy */;
		};
		48D762122A199290002F52A1 /* PBXTargetDependency */ = {
			isa = PBXTargetDependency;
			target = 48D761F52A19928C002F52A1 /* Text-to-3D */;
			targetProxy = 48D762112A199290002F52A1 /* PBXContainerItemProxy */;
		};
/* End PBXTargetDependency section */

/* Begin XCBuildConfiguration section */
		48D762182A199290002F52A1 /* Debug */ = {
			isa = XCBuildConfiguration;
			buildSettings = {
				ALWAYS_SEARCH_USER_PATHS = NO;
				CLANG_ANALYZER_NONNULL = YES;
				CLANG_ANALYZER_NUMBER_OBJECT_CONVERSION = YES_AGGRESSIVE;
				CLANG_CXX_LANGUAGE_STANDARD = "gnu++20";
				CLANG_ENABLE_MODULES = YES;
				CLANG_ENABLE_OBJC_ARC = YES;
				CLANG_ENABLE_OBJC_WEAK = YES;
				CLANG_WARN_BLOCK_CAPTURE_AUTORELEASING = YES;
				CLANG_WARN_BOOL_CONVERSION = YES;
				CLANG_WARN_COMMA = YES;
				CLANG_WARN_CONSTANT_CONVERSION = YES;
				CLANG_WARN_DEPRECATED_OBJC_IMPLEMENTATIONS = YES;
				CLANG_WARN_DIRECT_OBJC_ISA_USAGE = YES_ERROR;
				CLANG_WARN_DOCUMENTATION_COMMENTS = YES;
				CLANG_WARN_EMPTY_BODY = YES;
				CLANG_WARN_ENUM_CONVERSION = YES;
				CLANG_WARN_INFINITE_RECURSION = YES;
				CLANG_WARN_INT_CONVERSION = YES;
				CLANG_WARN_NON_LITERAL_NULL_CONVERSION = YES;
				CLANG_WARN_OBJC_IMPLICIT_RETAIN_SELF = YES;
				CLANG_WARN_OBJC_LITERAL_CONVERSION = YES;
				CLANG_WARN_OBJC_ROOT_CLASS = YES_ERROR;
				CLANG_WARN_QUOTED_INCLUDE_IN_FRAMEWORK_HEADER = YES;
				CLANG_WARN_RANGE_LOOP_ANALYSIS = YES;
				CLANG_WARN_STRICT_PROTOTYPES = YES;
				CLANG_WARN_SUSPICIOUS_MOVE = YES;
				CLANG_WARN_UNGUARDED_AVAILABILITY = YES_AGGRESSIVE;
				CLANG_WARN_UNREACHABLE_CODE = YES;
				CLANG_WARN__DUPLICATE_METHOD_MATCH = YES;
				COPY_PHASE_STRIP = NO;
				DEBUG_INFORMATION_FORMAT = dwarf;
				ENABLE_STRICT_OBJC_MSGSEND = YES;
				ENABLE_TESTABILITY = YES;
				GCC_C_LANGUAGE_STANDARD = gnu11;
				GCC_DYNAMIC_NO_PIC = NO;
				GCC_NO_COMMON_BLOCKS = YES;
				GCC_OPTIMIZATION_LEVEL = 0;
				GCC_PREPROCESSOR_DEFINITIONS = (
					"DEBUG=1",
					"$(inherited)",
				);
				GCC_WARN_64_TO_32_BIT_CONVERSION = YES;
				GCC_WARN_ABOUT_RETURN_TYPE = YES_ERROR;
				GCC_WARN_UNDECLARED_SELECTOR = YES;
				GCC_WARN_UNINITIALIZED_AUTOS = YES_AGGRESSIVE;
				GCC_WARN_UNUSED_FUNCTION = YES;
				GCC_WARN_UNUSED_VARIABLE = YES;
				IPHONEOS_DEPLOYMENT_TARGET = 16.2;
				MTL_ENABLE_DEBUG_INFO = INCLUDE_SOURCE;
				MTL_FAST_MATH = YES;
				ONLY_ACTIVE_ARCH = YES;
				SDKROOT = iphoneos;
				SWIFT_ACTIVE_COMPILATION_CONDITIONS = DEBUG;
				SWIFT_OPTIMIZATION_LEVEL = "-Onone";
			};
			name = Debug;
		};
		48D762192A199290002F52A1 /* Release */ = {
			isa = XCBuildConfiguration;
			buildSettings = {
				ALWAYS_SEARCH_USER_PATHS = NO;
				CLANG_ANALYZER_NONNULL = YES;
				CLANG_ANALYZER_NUMBER_OBJECT_CONVERSION = YES_AGGRESSIVE;
				CLANG_CXX_LANGUAGE_STANDARD = "gnu++20";
				CLANG_ENABLE_MODULES = YES;
				CLANG_ENABLE_OBJC_ARC = YES;
				CLANG_ENABLE_OBJC_WEAK = YES;
				CLANG_WARN_BLOCK_CAPTURE_AUTORELEASING = YES;
				CLANG_WARN_BOOL_CONVERSION = YES;
				CLANG_WARN_COMMA = YES;
				CLANG_WARN_CONSTANT_CONVERSION = YES;
				CLANG_WARN_DEPRECATED_OBJC_IMPLEMENTATIONS = YES;
				CLANG_WARN_DIRECT_OBJC_ISA_USAGE = YES_ERROR;
				CLANG_WARN_DOCUMENTATION_COMMENTS = YES;
				CLANG_WARN_EMPTY_BODY = YES;
				CLANG_WARN_ENUM_CONVERSION = YES;
				CLANG_WARN_INFINITE_RECURSION = YES;
				CLANG_WARN_INT_CONVERSION = YES;
				CLANG_WARN_NON_LITERAL_NULL_CONVERSION = YES;
				CLANG_WARN_OBJC_IMPLICIT_RETAIN_SELF = YES;
				CLANG_WARN_OBJC_LITERAL_CONVERSION = YES;
				CLANG_WARN_OBJC_ROOT_CLASS = YES_ERROR;
				CLANG_WARN_QUOTED_INCLUDE_IN_FRAMEWORK_HEADER = YES;
				CLANG_WARN_RANGE_LOOP_ANALYSIS = YES;
				CLANG_WARN_STRICT_PROTOTYPES = YES;
				CLANG_WARN_SUSPICIOUS_MOVE = YES;
				CLANG_WARN_UNGUARDED_AVAILABILITY = YES_AGGRESSIVE;
				CLANG_WARN_UNREACHABLE_CODE = YES;
				CLANG_WARN__DUPLICATE_METHOD_MATCH = YES;
				COPY_PHASE_STRIP = NO;
				DEBUG_INFORMATION_FORMAT = "dwarf-with-dsym";
				ENABLE_NS_ASSERTIONS = NO;
				ENABLE_STRICT_OBJC_MSGSEND = YES;
				GCC_C_LANGUAGE_STANDARD = gnu11;
				GCC_NO_COMMON_BLOCKS = YES;
				GCC_WARN_64_TO_32_BIT_CONVERSION = YES;
				GCC_WARN_ABOUT_RETURN_TYPE = YES_ERROR;
				GCC_WARN_UNDECLARED_SELECTOR = YES;
				GCC_WARN_UNINITIALIZED_AUTOS = YES_AGGRESSIVE;
				GCC_WARN_UNUSED_FUNCTION = YES;
				GCC_WARN_UNUSED_VARIABLE = YES;
				IPHONEOS_DEPLOYMENT_TARGET = 16.2;
				MTL_ENABLE_DEBUG_INFO = NO;
				MTL_FAST_MATH = YES;
				SDKROOT = iphoneos;
				SWIFT_COMPILATION_MODE = wholemodule;
				SWIFT_OPTIMIZATION_LEVEL = "-O";
				VALIDATE_PRODUCT = YES;
			};
			name = Release;
		};
		48D7621B2A199290002F52A1 /* Debug */ = {
			isa = XCBuildConfiguration;
			buildSettings = {
				ASSETCATALOG_COMPILER_APPICON_NAME = AppIcon;
				ASSETCATALOG_COMPILER_GLOBAL_ACCENT_COLOR_NAME = AccentColor;
				CODE_SIGN_STYLE = Automatic;
				CURRENT_PROJECT_VERSION = 1;
				DEVELOPMENT_ASSET_PATHS = "\"Text-to-3D/Preview Content\"";
				DEVELOPMENT_TEAM = W9K3586753;
				ENABLE_PREVIEWS = YES;
				GENERATE_INFOPLIST_FILE = YES;
				INFOPLIST_KEY_UIApplicationSceneManifest_Generation = YES;
				INFOPLIST_KEY_UIApplicationSupportsIndirectInputEvents = YES;
				INFOPLIST_KEY_UILaunchScreen_Generation = YES;
				INFOPLIST_KEY_UISupportedInterfaceOrientations_iPad = "UIInterfaceOrientationPortrait UIInterfaceOrientationPortraitUpsideDown UIInterfaceOrientationLandscapeLeft UIInterfaceOrientationLandscapeRight";
				INFOPLIST_KEY_UISupportedInterfaceOrientations_iPhone = "UIInterfaceOrientationPortrait UIInterfaceOrientationLandscapeLeft UIInterfaceOrientationLandscapeRight";
				LD_RUNPATH_SEARCH_PATHS = (
					"$(inherited)",
					"@executable_path/Frameworks",
				);
				MARKETING_VERSION = 1.0;
				PRODUCT_BUNDLE_IDENTIFIER = "com.adityasharma1709.Text-to-3D";
				PRODUCT_NAME = "$(TARGET_NAME)";
				SWIFT_EMIT_LOC_STRINGS = YES;
				SWIFT_VERSION = 5.0;
				TARGETED_DEVICE_FAMILY = "1,2";
			};
			name = Debug;
		};
		48D7621C2A199290002F52A1 /* Release */ = {
			isa = XCBuildConfiguration;
			buildSettings = {
				ASSETCATALOG_COMPILER_APPICON_NAME = AppIcon;
				ASSETCATALOG_COMPILER_GLOBAL_ACCENT_COLOR_NAME = AccentColor;
				CODE_SIGN_STYLE = Automatic;
				CURRENT_PROJECT_VERSION = 1;
				DEVELOPMENT_ASSET_PATHS = "\"Text-to-3D/Preview Content\"";
				DEVELOPMENT_TEAM = W9K3586753;
				ENABLE_PREVIEWS = YES;
				GENERATE_INFOPLIST_FILE = YES;
				INFOPLIST_KEY_UIApplicationSceneManifest_Generation = YES;
				INFOPLIST_KEY_UIApplicationSupportsIndirectInputEvents = YES;
				INFOPLIST_KEY_UILaunchScreen_Generation = YES;
				INFOPLIST_KEY_UISupportedInterfaceOrientations_iPad = "UIInterfaceOrientationPortrait UIInterfaceOrientationPortraitUpsideDown UIInterfaceOrientationLandscapeLeft UIInterfaceOrientationLandscapeRight";
				INFOPLIST_KEY_UISupportedInterfaceOrientations_iPhone = "UIInterfaceOrientationPortrait UIInterfaceOrientationLandscapeLeft UIInterfaceOrientationLandscapeRight";
				LD_RUNPATH_SEARCH_PATHS = (
					"$(inherited)",
					"@executable_path/Frameworks",
				);
				MARKETING_VERSION = 1.0;
				PRODUCT_BUNDLE_IDENTIFIER = "com.adityasharma1709.Text-to-3D";
				PRODUCT_NAME = "$(TARGET_NAME)";
				SWIFT_EMIT_LOC_STRINGS = YES;
				SWIFT_VERSION = 5.0;
				TARGETED_DEVICE_FAMILY = "1,2";
			};
			name = Release;
		};
		48D7621E2A199290002F52A1 /* Debug */ = {
			isa = XCBuildConfiguration;
			buildSettings = {
				ALWAYS_EMBED_SWIFT_STANDARD_LIBRARIES = YES;
				BUNDLE_LOADER = "$(TEST_HOST)";
				CODE_SIGN_STYLE = Automatic;
				CURRENT_PROJECT_VERSION = 1;
				DEVELOPMENT_TEAM = W9K3586753;
				GENERATE_INFOPLIST_FILE = YES;
				IPHONEOS_DEPLOYMENT_TARGET = 16.2;
				MARKETING_VERSION = 1.0;
				PRODUCT_BUNDLE_IDENTIFIER = "com.adityasharma1709.Text-to-3DTests";
				PRODUCT_NAME = "$(TARGET_NAME)";
				SWIFT_EMIT_LOC_STRINGS = NO;
				SWIFT_VERSION = 5.0;
				TARGETED_DEVICE_FAMILY = "1,2";
				TEST_HOST = "$(BUILT_PRODUCTS_DIR)/Text-to-3D.app/$(BUNDLE_EXECUTABLE_FOLDER_PATH)/Text-to-3D";
			};
			name = Debug;
		};
		48D7621F2A199290002F52A1 /* Release */ = {
			isa = XCBuildConfiguration;
			buildSettings = {
				ALWAYS_EMBED_SWIFT_STANDARD_LIBRARIES = YES;
				BUNDLE_LOADER = "$(TEST_HOST)";
				CODE_SIGN_STYLE = Automatic;
				CURRENT_PROJECT_VERSION = 1;
				DEVELOPMENT_TEAM = W9K3586753;
				GENERATE_INFOPLIST_FILE = YES;
				IPHONEOS_DEPLOYMENT_TARGET = 16.2;
				MARKETING_VERSION = 1.0;
				PRODUCT_BUNDLE_IDENTIFIER = "com.adityasharma1709.Text-to-3DTests";
				PRODUCT_NAME = "$(TARGET_NAME)";
				SWIFT_EMIT_LOC_STRINGS = NO;
				SWIFT_VERSION = 5.0;
				TARGETED_DEVICE_FAMILY = "1,2";
				TEST_HOST = "$(BUILT_PRODUCTS_DIR)/Text-to-3D.app/$(BUNDLE_EXECUTABLE_FOLDER_PATH)/Text-to-3D";
			};
			name = Release;
		};
		48D762212A199290002F52A1 /* Debug */ = {
			isa = XCBuildConfiguration;
			buildSettings = {
				ALWAYS_EMBED_SWIFT_STANDARD_LIBRARIES = YES;
				CODE_SIGN_STYLE = Automatic;
				CURRENT_PROJECT_VERSION = 1;
				DEVELOPMENT_TEAM = W9K3586753;
				GENERATE_INFOPLIST_FILE = YES;
				MARKETING_VERSION = 1.0;
				PRODUCT_BUNDLE_IDENTIFIER = "com.adityasharma1709.Text-to-3DUITests";
				PRODUCT_NAME = "$(TARGET_NAME)";
				SWIFT_EMIT_LOC_STRINGS = NO;
				SWIFT_VERSION = 5.0;
				TARGETED_DEVICE_FAMILY = "1,2";
				TEST_TARGET_NAME = "Text-to-3D";
			};
			name = Debug;
		};
		48D762222A199290002F52A1 /* Release */ = {
			isa = XCBuildConfiguration;
			buildSettings = {
				ALWAYS_EMBED_SWIFT_STANDARD_LIBRARIES = YES;
				CODE_SIGN_STYLE = Automatic;
				CURRENT_PROJECT_VERSION = 1;
				DEVELOPMENT_TEAM = W9K3586753;
				GENERATE_INFOPLIST_FILE = YES;
				MARKETING_VERSION = 1.0;
				PRODUCT_BUNDLE_IDENTIFIER = "com.adityasharma1709.Text-to-3DUITests";
				PRODUCT_NAME = "$(TARGET_NAME)";
				SWIFT_EMIT_LOC_STRINGS = NO;
				SWIFT_VERSION = 5.0;
				TARGETED_DEVICE_FAMILY = "1,2";
				TEST_TARGET_NAME = "Text-to-3D";
			};
			name = Release;
		};
/* End XCBuildConfiguration section */

/* Begin XCConfigurationList section */
		48D761F12A19928C002F52A1 /* Build configuration list for PBXProject "Text-to-3D" */ = {
			isa = XCConfigurationList;
			buildConfigurations = (
				48D762182A199290002F52A1 /* Debug */,
				48D762192A199290002F52A1 /* Release */,
			);
			defaultConfigurationIsVisible = 0;
			defaultConfigurationName = Release;
		};
		48D7621A2A199290002F52A1 /* Build configuration list for PBXNativeTarget "Text-to-3D" */ = {
			isa = XCConfigurationList;
			buildConfigurations = (
				48D7621B2A199290002F52A1 /* Debug */,
				48D7621C2A199290002F52A1 /* Release */,
			);
			defaultConfigurationIsVisible = 0;
			defaultConfigurationName = Release;
		};
		48D7621D2A199290002F52A1 /* Build configuration list for PBXNativeTarget "Text-to-3DTests" */ = {
			isa = XCConfigurationList;
			buildConfigurations = (
				48D7621E2A199290002F52A1 /* Debug */,
				48D7621F2A199290002F52A1 /* Release */,
			);
			defaultConfigurationIsVisible = 0;
			defaultConfigurationName = Release;
		};
		48D762202A199290002F52A1 /* Build configuration list for PBXNativeTarget "Text-to-3DUITests" */ = {
			isa = XCConfigurationList;
			buildConfigurations = (
				48D762212A199290002F52A1 /* Debug */,
				48D762222A199290002F52A1 /* Release */,
			);
			defaultConfigurationIsVisible = 0;
			defaultConfigurationName = Release;
		};
/* End XCConfigurationList section */
	};
	rootObject = 48D761EE2A19928C002F52A1 /* Project object */;
}
